// !$*UTF8*$!
{
	archiveVersion = 1;
	classes = {
	};
	objectVersion = 56;
	objects = {

/* Begin PBXBuildFile section */
		44826D9B2BD730410032ACEC /* AppDelegate.swift in Sources */ = {isa = PBXBuildFile; fileRef = 44826D9A2BD730410032ACEC /* AppDelegate.swift */; };
		44826D9D2BD730410032ACEC /* SceneDelegate.swift in Sources */ = {isa = PBXBuildFile; fileRef = 44826D9C2BD730410032ACEC /* SceneDelegate.swift */; };
		44826DA22BD730410032ACEC /* Base in Resources */ = {isa = PBXBuildFile; fileRef = 44826DA12BD730410032ACEC /* Base */; };
		44826DA42BD730450032ACEC /* Assets.xcassets in Resources */ = {isa = PBXBuildFile; fileRef = 44826DA32BD730450032ACEC /* Assets.xcassets */; };
		44826DA72BD730450032ACEC /* Base in Resources */ = {isa = PBXBuildFile; fileRef = 44826DA62BD730450032ACEC /* Base */; };
		44D70B8D2BD7FC19005E92B0 /* DestinationSearchViewController.swift in Sources */ = {isa = PBXBuildFile; fileRef = 44D70B8C2BD7FC19005E92B0 /* DestinationSearchViewController.swift */; };
		44D70B8F2BD7FC3D005E92B0 /* Cities.plist in Resources */ = {isa = PBXBuildFile; fileRef = 44D70B8E2BD7FC3D005E92B0 /* Cities.plist */; };
		44D70B932BD88866005E92B0 /* UserInfoViewController.swift in Sources */ = {isa = PBXBuildFile; fileRef = 44D70B922BD88866005E92B0 /* UserInfoViewController.swift */; };
		44D70B952BD8A11D005E92B0 /* CitySelectionsTableViewCell.swift in Sources */ = {isa = PBXBuildFile; fileRef = 44D70B942BD8A11D005E92B0 /* CitySelectionsTableViewCell.swift */; };
		44D70B972BD8AAE1005E92B0 /* DateSelectionsTableViewCell.swift in Sources */ = {isa = PBXBuildFile; fileRef = 44D70B962BD8AAE1005E92B0 /* DateSelectionsTableViewCell.swift */; };
		44D70B992BD8D6EC005E92B0 /* UserInfoTextFieldTableViewCell.swift in Sources */ = {isa = PBXBuildFile; fileRef = 44D70B982BD8D6EC005E92B0 /* UserInfoTextFieldTableViewCell.swift */; };
		44D70B9B2BD8D94D005E92B0 /* UserInfoButtonTableViewCell.swift in Sources */ = {isa = PBXBuildFile; fileRef = 44D70B9A2BD8D94D005E92B0 /* UserInfoButtonTableViewCell.swift */; };
/* End PBXBuildFile section */

/* Begin PBXFileReference section */
		44826D972BD730410032ACEC /* FlightTicketBookingApp.app */ = {isa = PBXFileReference; explicitFileType = wrapper.application; includeInIndex = 0; path = FlightTicketBookingApp.app; sourceTree = BUILT_PRODUCTS_DIR; };
		44826D9A2BD730410032ACEC /* AppDelegate.swift */ = {isa = PBXFileReference; lastKnownFileType = sourcecode.swift; path = AppDelegate.swift; sourceTree = "<group>"; };
		44826D9C2BD730410032ACEC /* SceneDelegate.swift */ = {isa = PBXFileReference; lastKnownFileType = sourcecode.swift; path = SceneDelegate.swift; sourceTree = "<group>"; };
		44826DA12BD730410032ACEC /* Base */ = {isa = PBXFileReference; lastKnownFileType = file.storyboard; name = Base; path = Base.lproj/Main.storyboard; sourceTree = "<group>"; };
		44826DA32BD730450032ACEC /* Assets.xcassets */ = {isa = PBXFileReference; lastKnownFileType = folder.assetcatalog; path = Assets.xcassets; sourceTree = "<group>"; };
		44826DA62BD730450032ACEC /* Base */ = {isa = PBXFileReference; lastKnownFileType = file.storyboard; name = Base; path = Base.lproj/LaunchScreen.storyboard; sourceTree = "<group>"; };
		44826DA82BD730450032ACEC /* Info.plist */ = {isa = PBXFileReference; lastKnownFileType = text.plist.xml; path = Info.plist; sourceTree = "<group>"; };
		44D70B8C2BD7FC19005E92B0 /* DestinationSearchViewController.swift */ = {isa = PBXFileReference; lastKnownFileType = sourcecode.swift; path = DestinationSearchViewController.swift; sourceTree = "<group>"; };
		44D70B8E2BD7FC3D005E92B0 /* Cities.plist */ = {isa = PBXFileReference; lastKnownFileType = text.plist.xml; path = Cities.plist; sourceTree = "<group>"; };
		44D70B922BD88866005E92B0 /* UserInfoViewController.swift */ = {isa = PBXFileReference; lastKnownFileType = sourcecode.swift; path = UserInfoViewController.swift; sourceTree = "<group>"; };
		44D70B942BD8A11D005E92B0 /* CitySelectionsTableViewCell.swift */ = {isa = PBXFileReference; lastKnownFileType = sourcecode.swift; path = CitySelectionsTableViewCell.swift; sourceTree = "<group>"; };
		44D70B962BD8AAE1005E92B0 /* DateSelectionsTableViewCell.swift */ = {isa = PBXFileReference; lastKnownFileType = sourcecode.swift; path = DateSelectionsTableViewCell.swift; sourceTree = "<group>"; };
		44D70B982BD8D6EC005E92B0 /* UserInfoTextFieldTableViewCell.swift */ = {isa = PBXFileReference; lastKnownFileType = sourcecode.swift; path = UserInfoTextFieldTableViewCell.swift; sourceTree = "<group>"; };
		44D70B9A2BD8D94D005E92B0 /* UserInfoButtonTableViewCell.swift */ = {isa = PBXFileReference; lastKnownFileType = sourcecode.swift; path = UserInfoButtonTableViewCell.swift; sourceTree = "<group>"; };
/* End PBXFileReference section */

/* Begin PBXFrameworksBuildPhase section */
		44826D942BD730410032ACEC /* Frameworks */ = {
			isa = PBXFrameworksBuildPhase;
			buildActionMask = 2147483647;
			files = (
			);
			runOnlyForDeploymentPostprocessing = 0;
		};
/* End PBXFrameworksBuildPhase section */

/* Begin PBXGroup section */
		44826D8E2BD730410032ACEC = {
			isa = PBXGroup;
			children = (
				44826D992BD730410032ACEC /* FlightTicketBookingApp */,
				44826D982BD730410032ACEC /* Products */,
			);
			sourceTree = "<group>";
		};
		44826D982BD730410032ACEC /* Products */ = {
			isa = PBXGroup;
			children = (
				44826D972BD730410032ACEC /* FlightTicketBookingApp.app */,
			);
			name = Products;
			sourceTree = "<group>";
		};
		44826D992BD730410032ACEC /* FlightTicketBookingApp */ = {
			isa = PBXGroup;
			children = (
				44826D9A2BD730410032ACEC /* AppDelegate.swift */,
				44826D9C2BD730410032ACEC /* SceneDelegate.swift */,
				44826DA02BD730410032ACEC /* Main.storyboard */,
				44826DA32BD730450032ACEC /* Assets.xcassets */,
				44826DA52BD730450032ACEC /* LaunchScreen.storyboard */,
				44826DA82BD730450032ACEC /* Info.plist */,
				44D70B8C2BD7FC19005E92B0 /* DestinationSearchViewController.swift */,
				44D70B942BD8A11D005E92B0 /* CitySelectionsTableViewCell.swift */,
				44D70B962BD8AAE1005E92B0 /* DateSelectionsTableViewCell.swift */,
				44D70B8E2BD7FC3D005E92B0 /* Cities.plist */,
				44D70B922BD88866005E92B0 /* UserInfoViewController.swift */,
				44D70B982BD8D6EC005E92B0 /* UserInfoTextFieldTableViewCell.swift */,
				44D70B9A2BD8D94D005E92B0 /* UserInfoButtonTableViewCell.swift */,
			);
			path = FlightTicketBookingApp;
			sourceTree = "<group>";
		};
/* End PBXGroup section */

/* Begin PBXNativeTarget section */
		44826D962BD730410032ACEC /* FlightTicketBookingApp */ = {
			isa = PBXNativeTarget;
			buildConfigurationList = 44826DAB2BD730450032ACEC /* Build configuration list for PBXNativeTarget "FlightTicketBookingApp" */;
			buildPhases = (
				44826D932BD730410032ACEC /* Sources */,
				44826D942BD730410032ACEC /* Frameworks */,
				44826D952BD730410032ACEC /* Resources */,
			);
			buildRules = (
			);
			dependencies = (
			);
			name = FlightTicketBookingApp;
			productName = FlightTicketBookingApp;
			productReference = 44826D972BD730410032ACEC /* FlightTicketBookingApp.app */;
			productType = "com.apple.product-type.application";
		};
/* End PBXNativeTarget section */

/* Begin PBXProject section */
		44826D8F2BD730410032ACEC /* Project object */ = {
			isa = PBXProject;
			attributes = {
				BuildIndependentTargetsInParallel = 1;
				LastSwiftUpdateCheck = 1530;
				LastUpgradeCheck = 1530;
				TargetAttributes = {
					44826D962BD730410032ACEC = {
						CreatedOnToolsVersion = 15.3;
					};
				};
			};
			buildConfigurationList = 44826D922BD730410032ACEC /* Build configuration list for PBXProject "FlightTicketBookingApp" */;
			compatibilityVersion = "Xcode 14.0";
			developmentRegion = en;
			hasScannedForEncodings = 0;
			knownRegions = (
				en,
				Base,
			);
			mainGroup = 44826D8E2BD730410032ACEC;
			productRefGroup = 44826D982BD730410032ACEC /* Products */;
			projectDirPath = "";
			projectRoot = "";
			targets = (
				44826D962BD730410032ACEC /* FlightTicketBookingApp */,
			);
		};
/* End PBXProject section */

/* Begin PBXResourcesBuildPhase section */
		44826D952BD730410032ACEC /* Resources */ = {
			isa = PBXResourcesBuildPhase;
			buildActionMask = 2147483647;
			files = (
				44826DA42BD730450032ACEC /* Assets.xcassets in Resources */,
				44826DA72BD730450032ACEC /* Base in Resources */,
				44826DA22BD730410032ACEC /* Base in Resources */,
				44D70B8F2BD7FC3D005E92B0 /* Cities.plist in Resources */,
			);
			runOnlyForDeploymentPostprocessing = 0;
		};
/* End PBXResourcesBuildPhase section */

/* Begin PBXSourcesBuildPhase section */
		44826D932BD730410032ACEC /* Sources */ = {
			isa = PBXSourcesBuildPhase;
			buildActionMask = 2147483647;
			files = (
				44826D9B2BD730410032ACEC /* AppDelegate.swift in Sources */,
				44D70B952BD8A11D005E92B0 /* CitySelectionsTableViewCell.swift in Sources */,
				44D70B9B2BD8D94D005E92B0 /* UserInfoButtonTableViewCell.swift in Sources */,
				44D70B992BD8D6EC005E92B0 /* UserInfoTextFieldTableViewCell.swift in Sources */,
				44D70B932BD88866005E92B0 /* UserInfoViewController.swift in Sources */,
				44826D9D2BD730410032ACEC /* SceneDelegate.swift in Sources */,
				44D70B972BD8AAE1005E92B0 /* DateSelectionsTableViewCell.swift in Sources */,
				44D70B8D2BD7FC19005E92B0 /* DestinationSearchViewController.swift in Sources */,
			);
			runOnlyForDeploymentPostprocessing = 0;
		};
/* End PBXSourcesBuildPhase section */

/* Begin PBXVariantGroup section */
		44826DA02BD730410032ACEC /* Main.storyboard */ = {
			isa = PBXVariantGroup;
			children = (
				44826DA12BD730410032ACEC /* Base */,
			);
			name = Main.storyboard;
			sourceTree = "<group>";
		};
		44826DA52BD730450032ACEC /* LaunchScreen.storyboard */ = {
			isa = PBXVariantGroup;
			children = (
				44826DA62BD730450032ACEC /* Base */,
			);
			name = LaunchScreen.storyboard;
			sourceTree = "<group>";
		};
/* End PBXVariantGroup section */

/* Begin XCBuildConfiguration section */
		44826DA92BD730450032ACEC /* Debug */ = {
			isa = XCBuildConfiguration;
			buildSettings = {
				ALWAYS_SEARCH_USER_PATHS = NO;
				ASSETCATALOG_COMPILER_GENERATE_SWIFT_ASSET_SYMBOL_EXTENSIONS = YES;
				CLANG_ANALYZER_NONNULL = YES;
				CLANG_ANALYZER_NUMBER_OBJECT_CONVERSION = YES_AGGRESSIVE;
				CLANG_CXX_LANGUAGE_STANDARD = "gnu++20";
				CLANG_ENABLE_MODULES = YES;
				CLANG_ENABLE_OBJC_ARC = YES;
				CLANG_ENABLE_OBJC_WEAK = YES;
				CLANG_WARN_BLOCK_CAPTURE_AUTORELEASING = YES;
				CLANG_WARN_BOOL_CONVERSION = YES;
				CLANG_WARN_COMMA = YES;
				CLANG_WARN_CONSTANT_CONVERSION = YES;
				CLANG_WARN_DEPRECATED_OBJC_IMPLEMENTATIONS = YES;
				CLANG_WARN_DIRECT_OBJC_ISA_USAGE = YES_ERROR;
				CLANG_WARN_DOCUMENTATION_COMMENTS = YES;
				CLANG_WARN_EMPTY_BODY = YES;
				CLANG_WARN_ENUM_CONVERSION = YES;
				CLANG_WARN_INFINITE_RECURSION = YES;
				CLANG_WARN_INT_CONVERSION = YES;
				CLANG_WARN_NON_LITERAL_NULL_CONVERSION = YES;
				CLANG_WARN_OBJC_IMPLICIT_RETAIN_SELF = YES;
				CLANG_WARN_OBJC_LITERAL_CONVERSION = YES;
				CLANG_WARN_OBJC_ROOT_CLASS = YES_ERROR;
				CLANG_WARN_QUOTED_INCLUDE_IN_FRAMEWORK_HEADER = YES;
				CLANG_WARN_RANGE_LOOP_ANALYSIS = YES;
				CLANG_WARN_STRICT_PROTOTYPES = YES;
				CLANG_WARN_SUSPICIOUS_MOVE = YES;
				CLANG_WARN_UNGUARDED_AVAILABILITY = YES_AGGRESSIVE;
				CLANG_WARN_UNREACHABLE_CODE = YES;
				CLANG_WARN__DUPLICATE_METHOD_MATCH = YES;
				COPY_PHASE_STRIP = NO;
				DEBUG_INFORMATION_FORMAT = dwarf;
				ENABLE_STRICT_OBJC_MSGSEND = YES;
				ENABLE_TESTABILITY = YES;
				ENABLE_USER_SCRIPT_SANDBOXING = YES;
				GCC_C_LANGUAGE_STANDARD = gnu17;
				GCC_DYNAMIC_NO_PIC = NO;
				GCC_NO_COMMON_BLOCKS = YES;
				GCC_OPTIMIZATION_LEVEL = 0;
				GCC_PREPROCESSOR_DEFINITIONS = (
					"DEBUG=1",
					"$(inherited)",
				);
				GCC_WARN_64_TO_32_BIT_CONVERSION = YES;
				GCC_WARN_ABOUT_RETURN_TYPE = YES_ERROR;
				GCC_WARN_UNDECLARED_SELECTOR = YES;
				GCC_WARN_UNINITIALIZED_AUTOS = YES_AGGRESSIVE;
				GCC_WARN_UNUSED_FUNCTION = YES;
				GCC_WARN_UNUSED_VARIABLE = YES;
				IPHONEOS_DEPLOYMENT_TARGET = 17.4;
				LOCALIZATION_PREFERS_STRING_CATALOGS = YES;
				MTL_ENABLE_DEBUG_INFO = INCLUDE_SOURCE;
				MTL_FAST_MATH = YES;
				ONLY_ACTIVE_ARCH = YES;
				SDKROOT = iphoneos;
				SWIFT_ACTIVE_COMPILATION_CONDITIONS = "DEBUG $(inherited)";
				SWIFT_OPTIMIZATION_LEVEL = "-Onone";
			};
			name = Debug;
		};
		44826DAA2BD730450032ACEC /* Release */ = {
			isa = XCBuildConfiguration;
			buildSettings = {
				ALWAYS_SEARCH_USER_PATHS = NO;
				ASSETCATALOG_COMPILER_GENERATE_SWIFT_ASSET_SYMBOL_EXTENSIONS = YES;
				CLANG_ANALYZER_NONNULL = YES;
				CLANG_ANALYZER_NUMBER_OBJECT_CONVERSION = YES_AGGRESSIVE;
				CLANG_CXX_LANGUAGE_STANDARD = "gnu++20";
				CLANG_ENABLE_MODULES = YES;
				CLANG_ENABLE_OBJC_ARC = YES;
				CLANG_ENABLE_OBJC_WEAK = YES;
				CLANG_WARN_BLOCK_CAPTURE_AUTORELEASING = YES;
				CLANG_WARN_BOOL_CONVERSION = YES;
				CLANG_WARN_COMMA = YES;
				CLANG_WARN_CONSTANT_CONVERSION = YES;
				CLANG_WARN_DEPRECATED_OBJC_IMPLEMENTATIONS = YES;
				CLANG_WARN_DIRECT_OBJC_ISA_USAGE = YES_ERROR;
				CLANG_WARN_DOCUMENTATION_COMMENTS = YES;
				CLANG_WARN_EMPTY_BODY = YES;
				CLANG_WARN_ENUM_CONVERSION = YES;
				CLANG_WARN_INFINITE_RECURSION = YES;
				CLANG_WARN_INT_CONVERSION = YES;
				CLANG_WARN_NON_LITERAL_NULL_CONVERSION = YES;
				CLANG_WARN_OBJC_IMPLICIT_RETAIN_SELF = YES;
				CLANG_WARN_OBJC_LITERAL_CONVERSION = YES;
				CLANG_WARN_OBJC_ROOT_CLASS = YES_ERROR;
				CLANG_WARN_QUOTED_INCLUDE_IN_FRAMEWORK_HEADER = YES;
				CLANG_WARN_RANGE_LOOP_ANALYSIS = YES;
				CLANG_WARN_STRICT_PROTOTYPES = YES;
				CLANG_WARN_SUSPICIOUS_MOVE = YES;
				CLANG_WARN_UNGUARDED_AVAILABILITY = YES_AGGRESSIVE;
				CLANG_WARN_UNREACHABLE_CODE = YES;
				CLANG_WARN__DUPLICATE_METHOD_MATCH = YES;
				COPY_PHASE_STRIP = NO;
				DEBUG_INFORMATION_FORMAT = "dwarf-with-dsym";
				ENABLE_NS_ASSERTIONS = NO;
				ENABLE_STRICT_OBJC_MSGSEND = YES;
				ENABLE_USER_SCRIPT_SANDBOXING = YES;
				GCC_C_LANGUAGE_STANDARD = gnu17;
				GCC_NO_COMMON_BLOCKS = YES;
				GCC_WARN_64_TO_32_BIT_CONVERSION = YES;
				GCC_WARN_ABOUT_RETURN_TYPE = YES_ERROR;
				GCC_WARN_UNDECLARED_SELECTOR = YES;
				GCC_WARN_UNINITIALIZED_AUTOS = YES_AGGRESSIVE;
				GCC_WARN_UNUSED_FUNCTION = YES;
				GCC_WARN_UNUSED_VARIABLE = YES;
				IPHONEOS_DEPLOYMENT_TARGET = 17.4;
				LOCALIZATION_PREFERS_STRING_CATALOGS = YES;
				MTL_ENABLE_DEBUG_INFO = NO;
				MTL_FAST_MATH = YES;
				SDKROOT = iphoneos;
				SWIFT_COMPILATION_MODE = wholemodule;
				VALIDATE_PRODUCT = YES;
			};
			name = Release;
		};
		44826DAC2BD730450032ACEC /* Debug */ = {
			isa = XCBuildConfiguration;
			buildSettings = {
				ASSETCATALOG_COMPILER_APPICON_NAME = AppIcon;
				ASSETCATALOG_COMPILER_GLOBAL_ACCENT_COLOR_NAME = AccentColor;
				CODE_SIGN_STYLE = Automatic;
				CURRENT_PROJECT_VERSION = 1;
				DEVELOPMENT_TEAM = 4968R3GVM5;
				GENERATE_INFOPLIST_FILE = YES;
				INFOPLIST_FILE = FlightTicketBookingApp/Info.plist;
				INFOPLIST_KEY_UIApplicationSupportsIndirectInputEvents = YES;
				INFOPLIST_KEY_UILaunchStoryboardName = LaunchScreen;
				INFOPLIST_KEY_UIMainStoryboardFile = Main;
				INFOPLIST_KEY_UISupportedInterfaceOrientations_iPad = "UIInterfaceOrientationPortrait UIInterfaceOrientationPortraitUpsideDown UIInterfaceOrientationLandscapeLeft UIInterfaceOrientationLandscapeRight";
				INFOPLIST_KEY_UISupportedInterfaceOrientations_iPhone = "UIInterfaceOrientationPortrait UIInterfaceOrientationLandscapeLeft UIInterfaceOrientationLandscapeRight";
				IPHONEOS_DEPLOYMENT_TARGET = 15.4;
				LD_RUNPATH_SEARCH_PATHS = (
					"$(inherited)",
					"@executable_path/Frameworks",
				);
				MARKETING_VERSION = 1.0;
				PRODUCT_BUNDLE_IDENTIFIER = com.organizationname.FlightTicketBookingApp;
				PRODUCT_NAME = "$(TARGET_NAME)";
				SWIFT_EMIT_LOC_STRINGS = YES;
				SWIFT_VERSION = 5.0;
				TARGETED_DEVICE_FAMILY = "1,2";
			};
			name = Debug;
		};
		44826DAD2BD730450032ACEC /* Release */ = {
			isa = XCBuildConfiguration;
			buildSettings = {
				ASSETCATALOG_COMPILER_APPICON_NAME = AppIcon;
				ASSETCATALOG_COMPILER_GLOBAL_ACCENT_COLOR_NAME = AccentColor;
				CODE_SIGN_STYLE = Automatic;
				CURRENT_PROJECT_VERSION = 1;
				DEVELOPMENT_TEAM = 4968R3GVM5;
				GENERATE_INFOPLIST_FILE = YES;
				INFOPLIST_FILE = FlightTicketBookingApp/Info.plist;
				INFOPLIST_KEY_UIApplicationSupportsIndirectInputEvents = YES;
				INFOPLIST_KEY_UILaunchStoryboardName = LaunchScreen;
				INFOPLIST_KEY_UIMainStoryboardFile = Main;
				INFOPLIST_KEY_UISupportedInterfaceOrientations_iPad = "UIInterfaceOrientationPortrait UIInterfaceOrientationPortraitUpsideDown UIInterfaceOrientationLandscapeLeft UIInterfaceOrientationLandscapeRight";
				INFOPLIST_KEY_UISupportedInterfaceOrientations_iPhone = "UIInterfaceOrientationPortrait UIInterfaceOrientationLandscapeLeft UIInterfaceOrientationLandscapeRight";
				IPHONEOS_DEPLOYMENT_TARGET = 15.4;
				LD_RUNPATH_SEARCH_PATHS = (
					"$(inherited)",
					"@executable_path/Frameworks",
				);
				MARKETING_VERSION = 1.0;
				PRODUCT_BUNDLE_IDENTIFIER = com.organizationname.FlightTicketBookingApp;
				PRODUCT_NAME = "$(TARGET_NAME)";
				SWIFT_EMIT_LOC_STRINGS = YES;
				SWIFT_VERSION = 5.0;
				TARGETED_DEVICE_FAMILY = "1,2";
			};
			name = Release;
		};
/* End XCBuildConfiguration section */

/* Begin XCConfigurationList section */
		44826D922BD730410032ACEC /* Build configuration list for PBXProject "FlightTicketBookingApp" */ = {
			isa = XCConfigurationList;
			buildConfigurations = (
				44826DA92BD730450032ACEC /* Debug */,
				44826DAA2BD730450032ACEC /* Release */,
			);
			defaultConfigurationIsVisible = 0;
			defaultConfigurationName = Release;
		};
		44826DAB2BD730450032ACEC /* Build configuration list for PBXNativeTarget "FlightTicketBookingApp" */ = {
			isa = XCConfigurationList;
			buildConfigurations = (
				44826DAC2BD730450032ACEC /* Debug */,
				44826DAD2BD730450032ACEC /* Release */,
			);
			defaultConfigurationIsVisible = 0;
			defaultConfigurationName = Release;
		};
/* End XCConfigurationList section */
	};
	rootObject = 44826D8F2BD730410032ACEC /* Project object */;
}
